<?xml version="1.0" encoding="utf-8"?>
<Project ToolsVersion="4.0" xmlns="http://schemas.microsoft.com/developer/msbuild/2003">
  <ItemGroup>
    <ClCompile Include="QueueTests.cpp" />
    <ClCompile Include="CircularBufferTests.cpp" />
    <ClCompile Include="PolyEntryTests.cpp" />
  </ItemGroup>
  <ItemGroup>
    <ClInclude Include="..\polyq\circular.h">
      <Filter>poly-queue</Filter>
    </ClInclude>
    <ClInclude Include="..\polyq\entry.h">
      <Filter>poly-queue</Filter>
    </ClInclude>
    <ClInclude Include="..\polyq\queue.h">
      <Filter>poly-queue</Filter>
    </ClInclude>
    <ClInclude Include="helpers.h" />
  </ItemGroup>
  <ItemGroup>
    <Filter Include="poly-queue">
      <UniqueIdentifier>{1d6b20bf-021f-48df-9355-d95de3d701b8}</UniqueIdentifier>
    </Filter>
  </ItemGroup>
</Project>